
Microsoft Visual Studio Solution File, Format Version 12.00
# Visual Studio Version 16
VisualStudioVersion = 16.0.29503.13
MinimumVisualStudioVersion = 10.0.40219.1
Project("{FAE04EC0-301F-11D3-BF4B-00C04F79EFBC}") = "assigment", "assigment\assigment.csproj", "{5E732399-360C-4A59-945F-C2B1B81E14F2}"
EndProject
Global
	GlobalSection(SolutionConfigurationPlatforms) = preSolution
		Debug|Any CPU = Debug|Any CPU
		Release|Any CPU = Release|Any CPU
	EndGlobalSection
	GlobalSection(ProjectConfigurationPlatforms) = postSolution
		{5E732399-360C-4A59-945F-C2B1B81E14F2}.Debug|Any CPU.ActiveCfg = Debug|Any CPU
		{5E732399-360C-4A59-945F-C2B1B81E14F2}.Debug|Any CPU.Build.0 = Debug|Any CPU
		{5E732399-360C-4A59-945F-C2B1B81E14F2}.Release|Any CPU.ActiveCfg = Release|Any CPU
		{5E732399-360C-4A59-945F-C2B1B81E14F2}.Release|Any CPU.Build.0 = Release|Any CPU
	EndGlobalSection
	GlobalSection(SolutionProperties) = preSolution
		HideSolutionNode = FALSE
	EndGlobalSection
	GlobalSection(ExtensibilityGlobals) = postSolution
		SolutionGuid = {1FA7BDD6-3EDF-413F-931A-1B9900EC5DD0}
	EndGlobalSection
EndGlobal
